
Microsoft Visual Studio Solution File, Format Version 12.00
# Visual Studio 14
VisualStudioVersion = 14.0.23107.0
MinimumVisualStudioVersion = 10.0.40219.1
Project("{FAE04EC0-301F-11D3-BF4B-00C04F79EFBC}") = "GitPlugin", "GitPlugin\GitPlugin.csproj", "{3755A099-7EE1-4593-9BB0-50DA67039C99}"
EndProject
Project("{FAE04EC0-301F-11D3-BF4B-00C04F79EFBC}") = "GitPlugin.Test", "GitPlugin.Test\GitPlugin.Test.csproj", "{C064CAA3-1B30-41AF-B534-7A4D9B71FE89}"
EndProject
Global
	GlobalSection(SolutionConfigurationPlatforms) = preSolution
		Debug|Any CPU = Debug|Any CPU
		Release|Any CPU = Release|Any CPU
	EndGlobalSection
	GlobalSection(ProjectConfigurationPlatforms) = postSolution
		{3755A099-7EE1-4593-9BB0-50DA67039C99}.Debug|Any CPU.ActiveCfg = Debug|Any CPU
		{3755A099-7EE1-4593-9BB0-50DA67039C99}.Debug|Any CPU.Build.0 = Debug|Any CPU
		{3755A099-7EE1-4593-9BB0-50DA67039C99}.Release|Any CPU.ActiveCfg = Release|Any CPU
		{3755A099-7EE1-4593-9BB0-50DA67039C99}.Release|Any CPU.Build.0 = Release|Any CPU
		{C064CAA3-1B30-41AF-B534-7A4D9B71FE89}.Debug|Any CPU.ActiveCfg = Debug|Any CPU
		{C064CAA3-1B30-41AF-B534-7A4D9B71FE89}.Debug|Any CPU.Build.0 = Debug|Any CPU
		{C064CAA3-1B30-41AF-B534-7A4D9B71FE89}.Release|Any CPU.ActiveCfg = Release|Any CPU
		{C064CAA3-1B30-41AF-B534-7A4D9B71FE89}.Release|Any CPU.Build.0 = Release|Any CPU
	EndGlobalSection
	GlobalSection(SolutionProperties) = preSolution
		HideSolutionNode = FALSE
	EndGlobalSection
EndGlobal
